
Microsoft Visual Studio Solution File, Format Version 12.00
# Visual Studio Version 17
VisualStudioVersion = 17.10.34916.146
MinimumVisualStudioVersion = 10.0.40219.1
Project("{FAE04EC0-301F-11D3-BF4B-00C04F79EFBC}") = "CashRegisterApp", "CashRegisterApp.csproj", "{13C11619-53BD-4F4E-B1C4-AF0A9E391C64}"
EndProject
Global
	GlobalSection(SolutionConfigurationPlatforms) = preSolution
		Debug|Any CPU = Debug|Any CPU
		Release|Any CPU = Release|Any CPU
	EndGlobalSection
	GlobalSection(ProjectConfigurationPlatforms) = postSolution
		{13C11619-53BD-4F4E-B1C4-AF0A9E391C64}.Debug|Any CPU.ActiveCfg = Debug|Any CPU
		{13C11619-53BD-4F4E-B1C4-AF0A9E391C64}.Debug|Any CPU.Build.0 = Debug|Any CPU
		{13C11619-53BD-4F4E-B1C4-AF0A9E391C64}.Release|Any CPU.ActiveCfg = Release|Any CPU
		{13C11619-53BD-4F4E-B1C4-AF0A9E391C64}.Release|Any CPU.Build.0 = Release|Any CPU
	EndGlobalSection
	GlobalSection(SolutionProperties) = preSolution
		HideSolutionNode = FALSE
	EndGlobalSection
	GlobalSection(ExtensibilityGlobals) = postSolution
		SolutionGuid = {4C5E5761-0769-4C2A-A603-B72EF8CFF282}
	EndGlobalSection
EndGlobal
